
Microsoft Visual Studio Solution File, Format Version 12.00
# Visual Studio Version 17
VisualStudioVersion = 17.9.34723.18
MinimumVisualStudioVersion = 10.0.40219.1
Project("{9A19103F-16F7-4668-BE54-9A1E7A4F7556}") = "EzeeKards", "EzeeKards.csproj", "{D18A7FFE-49C3-4637-8611-05ADF07AC5BD}"
	ProjectSection(ProjectDependencies) = postProject
		{FFF4608B-FE54-40CA-AAB1-0E57DE0A2061} = {FFF4608B-FE54-40CA-AAB1-0E57DE0A2061}
	EndProjectSection
EndProject
Project("{FAE04EC0-301F-11D3-BF4B-00C04F79EFBC}") = "EzeeKards.Data", "..\EzeeKard.Data\EzeeKards.Data.csproj", "{CC3776E9-EA63-41DF-B639-3ABCD07D4AC0}"
EndProject
Project("{FAE04EC0-301F-11D3-BF4B-00C04F79EFBC}") = "EzeeKards.Service", "..\EzeeKards.Service\EzeeKards.Service.csproj", "{536D76D2-795F-45B7-9123-32B94DE69EB6}"
EndProject
Project("{FAE04EC0-301F-11D3-BF4B-00C04F79EFBC}") = "EzeeKards.Common", "..\EzeeKards.Common\EzeeKards.Common.csproj", "{FFF4608B-FE54-40CA-AAB1-0E57DE0A2061}"
EndProject
Global
	GlobalSection(SolutionConfigurationPlatforms) = preSolution
		Debug|Any CPU = Debug|Any CPU
		Release|Any CPU = Release|Any CPU
	EndGlobalSection
	GlobalSection(ProjectConfigurationPlatforms) = postSolution
		{D18A7FFE-49C3-4637-8611-05ADF07AC5BD}.Debug|Any CPU.ActiveCfg = Debug|Any CPU
		{D18A7FFE-49C3-4637-8611-05ADF07AC5BD}.Debug|Any CPU.Build.0 = Debug|Any CPU
		{D18A7FFE-49C3-4637-8611-05ADF07AC5BD}.Release|Any CPU.ActiveCfg = Release|Any CPU
		{D18A7FFE-49C3-4637-8611-05ADF07AC5BD}.Release|Any CPU.Build.0 = Release|Any CPU
		{CC3776E9-EA63-41DF-B639-3ABCD07D4AC0}.Debug|Any CPU.ActiveCfg = Debug|Any CPU
		{CC3776E9-EA63-41DF-B639-3ABCD07D4AC0}.Debug|Any CPU.Build.0 = Debug|Any CPU
		{CC3776E9-EA63-41DF-B639-3ABCD07D4AC0}.Release|Any CPU.ActiveCfg = Release|Any CPU
		{CC3776E9-EA63-41DF-B639-3ABCD07D4AC0}.Release|Any CPU.Build.0 = Release|Any CPU
		{536D76D2-795F-45B7-9123-32B94DE69EB6}.Debug|Any CPU.ActiveCfg = Debug|Any CPU
		{536D76D2-795F-45B7-9123-32B94DE69EB6}.Debug|Any CPU.Build.0 = Debug|Any CPU
		{536D76D2-795F-45B7-9123-32B94DE69EB6}.Release|Any CPU.ActiveCfg = Release|Any CPU
		{536D76D2-795F-45B7-9123-32B94DE69EB6}.Release|Any CPU.Build.0 = Release|Any CPU
		{FFF4608B-FE54-40CA-AAB1-0E57DE0A2061}.Debug|Any CPU.ActiveCfg = Debug|Any CPU
		{FFF4608B-FE54-40CA-AAB1-0E57DE0A2061}.Debug|Any CPU.Build.0 = Debug|Any CPU
		{FFF4608B-FE54-40CA-AAB1-0E57DE0A2061}.Release|Any CPU.ActiveCfg = Release|Any CPU
		{FFF4608B-FE54-40CA-AAB1-0E57DE0A2061}.Release|Any CPU.Build.0 = Release|Any CPU
	EndGlobalSection
	GlobalSection(SolutionProperties) = preSolution
		HideSolutionNode = FALSE
	EndGlobalSection
	GlobalSection(ExtensibilityGlobals) = postSolution
		SolutionGuid = {7364E55F-A429-4ADA-AEC7-FD6293EE349D}
	EndGlobalSection
EndGlobal
